
Microsoft Visual Studio Solution File, Format Version 12.00
# Visual Studio Version 17
VisualStudioVersion = 17.3.32922.545
MinimumVisualStudioVersion = 10.0.40219.1
Project("{FAE04EC0-301F-11D3-BF4B-00C04F79EFBC}") = "Calculator", "Calculator.csproj", "{75C8B57A-5669-481E-A501-838C576A3829}"
EndProject
Project("{FAE04EC0-301F-11D3-BF4B-00C04F79EFBC}") = "Calculator.winUI", "..\WindowsFormsApp1\Calculator.winUI.csproj", "{1742C4C9-34CB-466B-98D4-A23B6A985ACA}"
EndProject
Global
	GlobalSection(SolutionConfigurationPlatforms) = preSolution
		Debug|Any CPU = Debug|Any CPU
		Release|Any CPU = Release|Any CPU
	EndGlobalSection
	GlobalSection(ProjectConfigurationPlatforms) = postSolution
		{75C8B57A-5669-481E-A501-838C576A3829}.Debug|Any CPU.ActiveCfg = Debug|Any CPU
		{75C8B57A-5669-481E-A501-838C576A3829}.Debug|Any CPU.Build.0 = Debug|Any CPU
		{75C8B57A-5669-481E-A501-838C576A3829}.Release|Any CPU.ActiveCfg = Release|Any CPU
		{75C8B57A-5669-481E-A501-838C576A3829}.Release|Any CPU.Build.0 = Release|Any CPU
		{1742C4C9-34CB-466B-98D4-A23B6A985ACA}.Debug|Any CPU.ActiveCfg = Debug|Any CPU
		{1742C4C9-34CB-466B-98D4-A23B6A985ACA}.Debug|Any CPU.Build.0 = Debug|Any CPU
		{1742C4C9-34CB-466B-98D4-A23B6A985ACA}.Release|Any CPU.ActiveCfg = Release|Any CPU
		{1742C4C9-34CB-466B-98D4-A23B6A985ACA}.Release|Any CPU.Build.0 = Release|Any CPU
	EndGlobalSection
	GlobalSection(SolutionProperties) = preSolution
		HideSolutionNode = FALSE
	EndGlobalSection
	GlobalSection(ExtensibilityGlobals) = postSolution
		SolutionGuid = {4518BC47-76E7-41BE-9A13-07DA2B47D6EC}
	EndGlobalSection
EndGlobal
